
Microsoft Visual Studio Solution File, Format Version 12.00
# Visual Studio Version 17
VisualStudioVersion = 17.0.31423.177
MinimumVisualStudioVersion = 10.0.40219.1
Project("{FAE04EC0-301F-11D3-BF4B-00C04F79EFBC}") = "CrudApiDavivienda", "CrudApiDavivienda\CrudApiDavivienda.csproj", "{1112689F-FCEE-4B2C-8170-0B6C761FA08B}"
EndProject
Global
	GlobalSection(SolutionConfigurationPlatforms) = preSolution
		Debug|Any CPU = Debug|Any CPU
		Release|Any CPU = Release|Any CPU
	EndGlobalSection
	GlobalSection(ProjectConfigurationPlatforms) = postSolution
		{1112689F-FCEE-4B2C-8170-0B6C761FA08B}.Debug|Any CPU.ActiveCfg = Debug|Any CPU
		{1112689F-FCEE-4B2C-8170-0B6C761FA08B}.Debug|Any CPU.Build.0 = Debug|Any CPU
		{1112689F-FCEE-4B2C-8170-0B6C761FA08B}.Release|Any CPU.ActiveCfg = Release|Any CPU
		{1112689F-FCEE-4B2C-8170-0B6C761FA08B}.Release|Any CPU.Build.0 = Release|Any CPU
	EndGlobalSection
	GlobalSection(SolutionProperties) = preSolution
		HideSolutionNode = FALSE
	EndGlobalSection
	GlobalSection(ExtensibilityGlobals) = postSolution
		SolutionGuid = {24D0A4FC-BFC0-4810-B0BD-F9DE4425943A}
	EndGlobalSection
EndGlobal
